
Microsoft Visual Studio Solution File, Format Version 12.00
# Visual Studio Version 16
VisualStudioVersion = 16.0.30503.244
MinimumVisualStudioVersion = 10.0.40219.1
Project("{2150E333-8FDC-42A3-9474-1A3956D46DE8}") = "docs", "docs", "{FCFD8D0A-1F93-46E4-86CD-29494E89D5BC}"
	ProjectSection(SolutionItems) = preProject
		..\env.postman_environment.json = ..\env.postman_environment.json
		..\README.md = ..\README.md
		..\SupermarketCheckout.postman_collection.json = ..\SupermarketCheckout.postman_collection.json
	EndProjectSection
EndProject
Project("{9A19103F-16F7-4668-BE54-9A1E7A4F7556}") = "Checkout.Server", "Checkout.Server\Checkout.Server.csproj", "{2C402779-03E5-4B45-82E4-C0AB08155C41}"
EndProject
Project("{9A19103F-16F7-4668-BE54-9A1E7A4F7556}") = "Checkout.Server.UnitTests", "Checkout.Server.UnitTests\Checkout.Server.UnitTests.csproj", "{21C47386-06F2-45DE-9A4B-237AAF2CD940}"
EndProject
Project("{9A19103F-16F7-4668-BE54-9A1E7A4F7556}") = "Checkout.Shared", "Checkout.Shared\Checkout.Shared.csproj", "{D3A54153-9FC7-4433-AE66-D68575AAB26F}"
EndProject
Project("{9A19103F-16F7-4668-BE54-9A1E7A4F7556}") = "Checkout.Identity", "Checkout.Identity\Checkout.Identity.csproj", "{9F514CAE-57D7-4626-9C02-5FAE765A2887}"
EndProject
Global
	GlobalSection(SolutionConfigurationPlatforms) = preSolution
		Debug|Any CPU = Debug|Any CPU
		Release|Any CPU = Release|Any CPU
	EndGlobalSection
	GlobalSection(ProjectConfigurationPlatforms) = postSolution
		{2C402779-03E5-4B45-82E4-C0AB08155C41}.Debug|Any CPU.ActiveCfg = Debug|Any CPU
		{2C402779-03E5-4B45-82E4-C0AB08155C41}.Debug|Any CPU.Build.0 = Debug|Any CPU
		{2C402779-03E5-4B45-82E4-C0AB08155C41}.Release|Any CPU.ActiveCfg = Release|Any CPU
		{2C402779-03E5-4B45-82E4-C0AB08155C41}.Release|Any CPU.Build.0 = Release|Any CPU
		{21C47386-06F2-45DE-9A4B-237AAF2CD940}.Debug|Any CPU.ActiveCfg = Debug|Any CPU
		{21C47386-06F2-45DE-9A4B-237AAF2CD940}.Debug|Any CPU.Build.0 = Debug|Any CPU
		{21C47386-06F2-45DE-9A4B-237AAF2CD940}.Release|Any CPU.ActiveCfg = Release|Any CPU
		{21C47386-06F2-45DE-9A4B-237AAF2CD940}.Release|Any CPU.Build.0 = Release|Any CPU
		{D3A54153-9FC7-4433-AE66-D68575AAB26F}.Debug|Any CPU.ActiveCfg = Debug|Any CPU
		{D3A54153-9FC7-4433-AE66-D68575AAB26F}.Debug|Any CPU.Build.0 = Debug|Any CPU
		{D3A54153-9FC7-4433-AE66-D68575AAB26F}.Release|Any CPU.ActiveCfg = Release|Any CPU
		{D3A54153-9FC7-4433-AE66-D68575AAB26F}.Release|Any CPU.Build.0 = Release|Any CPU
		{9F514CAE-57D7-4626-9C02-5FAE765A2887}.Debug|Any CPU.ActiveCfg = Debug|Any CPU
		{9F514CAE-57D7-4626-9C02-5FAE765A2887}.Debug|Any CPU.Build.0 = Debug|Any CPU
		{9F514CAE-57D7-4626-9C02-5FAE765A2887}.Release|Any CPU.ActiveCfg = Release|Any CPU
		{9F514CAE-57D7-4626-9C02-5FAE765A2887}.Release|Any CPU.Build.0 = Release|Any CPU
	EndGlobalSection
	GlobalSection(SolutionProperties) = preSolution
		HideSolutionNode = FALSE
	EndGlobalSection
	GlobalSection(ExtensibilityGlobals) = postSolution
		SolutionGuid = {8048813B-314E-472A-BD74-F5267F3C6D09}
	EndGlobalSection
EndGlobal
